
Microsoft Visual Studio Solution File, Format Version 12.00
# Visual Studio 15
VisualStudioVersion = 15.0.28010.2019
MinimumVisualStudioVersion = 10.0.40219.1
Project("{2150E333-8FDC-42A3-9474-1A3956D46DE8}") = "WebAPI", "WebAPI", "{5A8D25B2-F66F-466E-B2FC-82CF54CF9BBC}"
EndProject
Project("{FAE04EC0-301F-11D3-BF4B-00C04F79EFBC}") = "MsgService", "MsgService\MsgService.csproj", "{D8068D18-DF4A-43E9-8639-61BE0AB4B25C}"
EndProject
Project("{FAE04EC0-301F-11D3-BF4B-00C04F79EFBC}") = "ProductService", "ProductService\ProductService.csproj", "{D39A5119-C900-4BF5-8987-C34447FDB588}"
EndProject
Project("{FAE04EC0-301F-11D3-BF4B-00C04F79EFBC}") = "服务消费者1", "服务消费者1\服务消费者1.csproj", "{85045BBC-0BA0-4F2F-8214-2D054802815C}"
EndProject
Project("{FAE04EC0-301F-11D3-BF4B-00C04F79EFBC}") = "RestTemplateCore", "RestTemplateCore\RestTemplateCore.csproj", "{9FC37266-2DE3-45B2-8963-1CD21C7C5995}"
EndProject
Project("{FAE04EC0-301F-11D3-BF4B-00C04F79EFBC}") = "consultest1", "consultest1\consultest1.csproj", "{89BD5880-63EA-495F-8B45-D97A76A525DD}"
EndProject
Project("{2150E333-8FDC-42A3-9474-1A3956D46DE8}") = "Polly", "Polly", "{DB6F7412-9484-4C88-9274-7BF89ECAE5E5}"
EndProject
Project("{9A19103F-16F7-4668-BE54-9A1E7A4F7556}") = "pollytest1", "pollytest1\pollytest1.csproj", "{E5AB9789-5949-47F2-B7F5-69EEF44ADA84}"
EndProject
Project("{2150E333-8FDC-42A3-9474-1A3956D46DE8}") = "AOP", "AOP", "{7B395E97-191B-4927-8398-E00BC41427E4}"
EndProject
Project("{9A19103F-16F7-4668-BE54-9A1E7A4F7556}") = "aoptest1", "aoptest1\aoptest1.csproj", "{A4F6C202-9F73-4F1C-92F1-B4620FD3D0B9}"
EndProject
Project("{FAE04EC0-301F-11D3-BF4B-00C04F79EFBC}") = "MyHystrix1", "MyHystrix1\MyHystrix1.csproj", "{D9FB27BD-5246-4A93-B55C-BF67311AE793}"
EndProject
Project("{FAE04EC0-301F-11D3-BF4B-00C04F79EFBC}") = "RuPeng.HystrixCore", "RuPeng.HystrixCore\RuPeng.HystrixCore.csproj", "{D64C2850-0F55-47CA-9EBF-8C75CD614513}"
EndProject
Project("{9A19103F-16F7-4668-BE54-9A1E7A4F7556}") = "hystrixtest1", "hystrixtest1\hystrixtest1.csproj", "{B0771304-ABFA-4059-B8D8-493FE0A44A2F}"
EndProject
Project("{FAE04EC0-301F-11D3-BF4B-00C04F79EFBC}") = "hystrixTest11", "hystrixTest11\hystrixTest11.csproj", "{4603B3C9-42E7-43AD-A38F-A5CD5FEDDBAA}"
EndProject
Project("{2150E333-8FDC-42A3-9474-1A3956D46DE8}") = "Ocelot API网关", "Ocelot API网关", "{AD32B2DD-3B70-4058-937E-813D4247E707}"
EndProject
Project("{FAE04EC0-301F-11D3-BF4B-00C04F79EFBC}") = "ocelottest1", "ocelottest1\ocelottest1.csproj", "{E3FDA4C0-0AAE-492C-AE4C-8262F6DE4056}"
EndProject
Global
	GlobalSection(SolutionConfigurationPlatforms) = preSolution
		Debug|Any CPU = Debug|Any CPU
		Release|Any CPU = Release|Any CPU
	EndGlobalSection
	GlobalSection(ProjectConfigurationPlatforms) = postSolution
		{D8068D18-DF4A-43E9-8639-61BE0AB4B25C}.Debug|Any CPU.ActiveCfg = Debug|Any CPU
		{D8068D18-DF4A-43E9-8639-61BE0AB4B25C}.Debug|Any CPU.Build.0 = Debug|Any CPU
		{D8068D18-DF4A-43E9-8639-61BE0AB4B25C}.Release|Any CPU.ActiveCfg = Release|Any CPU
		{D8068D18-DF4A-43E9-8639-61BE0AB4B25C}.Release|Any CPU.Build.0 = Release|Any CPU
		{D39A5119-C900-4BF5-8987-C34447FDB588}.Debug|Any CPU.ActiveCfg = Debug|Any CPU
		{D39A5119-C900-4BF5-8987-C34447FDB588}.Debug|Any CPU.Build.0 = Debug|Any CPU
		{D39A5119-C900-4BF5-8987-C34447FDB588}.Release|Any CPU.ActiveCfg = Release|Any CPU
		{D39A5119-C900-4BF5-8987-C34447FDB588}.Release|Any CPU.Build.0 = Release|Any CPU
		{85045BBC-0BA0-4F2F-8214-2D054802815C}.Debug|Any CPU.ActiveCfg = Debug|Any CPU
		{85045BBC-0BA0-4F2F-8214-2D054802815C}.Debug|Any CPU.Build.0 = Debug|Any CPU
		{85045BBC-0BA0-4F2F-8214-2D054802815C}.Release|Any CPU.ActiveCfg = Release|Any CPU
		{85045BBC-0BA0-4F2F-8214-2D054802815C}.Release|Any CPU.Build.0 = Release|Any CPU
		{9FC37266-2DE3-45B2-8963-1CD21C7C5995}.Debug|Any CPU.ActiveCfg = Debug|Any CPU
		{9FC37266-2DE3-45B2-8963-1CD21C7C5995}.Debug|Any CPU.Build.0 = Debug|Any CPU
		{9FC37266-2DE3-45B2-8963-1CD21C7C5995}.Release|Any CPU.ActiveCfg = Release|Any CPU
		{9FC37266-2DE3-45B2-8963-1CD21C7C5995}.Release|Any CPU.Build.0 = Release|Any CPU
		{89BD5880-63EA-495F-8B45-D97A76A525DD}.Debug|Any CPU.ActiveCfg = Debug|Any CPU
		{89BD5880-63EA-495F-8B45-D97A76A525DD}.Debug|Any CPU.Build.0 = Debug|Any CPU
		{89BD5880-63EA-495F-8B45-D97A76A525DD}.Release|Any CPU.ActiveCfg = Release|Any CPU
		{89BD5880-63EA-495F-8B45-D97A76A525DD}.Release|Any CPU.Build.0 = Release|Any CPU
		{E5AB9789-5949-47F2-B7F5-69EEF44ADA84}.Debug|Any CPU.ActiveCfg = Debug|Any CPU
		{E5AB9789-5949-47F2-B7F5-69EEF44ADA84}.Debug|Any CPU.Build.0 = Debug|Any CPU
		{E5AB9789-5949-47F2-B7F5-69EEF44ADA84}.Release|Any CPU.ActiveCfg = Release|Any CPU
		{E5AB9789-5949-47F2-B7F5-69EEF44ADA84}.Release|Any CPU.Build.0 = Release|Any CPU
		{A4F6C202-9F73-4F1C-92F1-B4620FD3D0B9}.Debug|Any CPU.ActiveCfg = Debug|Any CPU
		{A4F6C202-9F73-4F1C-92F1-B4620FD3D0B9}.Debug|Any CPU.Build.0 = Debug|Any CPU
		{A4F6C202-9F73-4F1C-92F1-B4620FD3D0B9}.Release|Any CPU.ActiveCfg = Release|Any CPU
		{A4F6C202-9F73-4F1C-92F1-B4620FD3D0B9}.Release|Any CPU.Build.0 = Release|Any CPU
		{D9FB27BD-5246-4A93-B55C-BF67311AE793}.Debug|Any CPU.ActiveCfg = Debug|Any CPU
		{D9FB27BD-5246-4A93-B55C-BF67311AE793}.Debug|Any CPU.Build.0 = Debug|Any CPU
		{D9FB27BD-5246-4A93-B55C-BF67311AE793}.Release|Any CPU.ActiveCfg = Release|Any CPU
		{D9FB27BD-5246-4A93-B55C-BF67311AE793}.Release|Any CPU.Build.0 = Release|Any CPU
		{D64C2850-0F55-47CA-9EBF-8C75CD614513}.Debug|Any CPU.ActiveCfg = Debug|Any CPU
		{D64C2850-0F55-47CA-9EBF-8C75CD614513}.Debug|Any CPU.Build.0 = Debug|Any CPU
		{D64C2850-0F55-47CA-9EBF-8C75CD614513}.Release|Any CPU.ActiveCfg = Release|Any CPU
		{D64C2850-0F55-47CA-9EBF-8C75CD614513}.Release|Any CPU.Build.0 = Release|Any CPU
		{B0771304-ABFA-4059-B8D8-493FE0A44A2F}.Debug|Any CPU.ActiveCfg = Debug|Any CPU
		{B0771304-ABFA-4059-B8D8-493FE0A44A2F}.Debug|Any CPU.Build.0 = Debug|Any CPU
		{B0771304-ABFA-4059-B8D8-493FE0A44A2F}.Release|Any CPU.ActiveCfg = Release|Any CPU
		{B0771304-ABFA-4059-B8D8-493FE0A44A2F}.Release|Any CPU.Build.0 = Release|Any CPU
		{4603B3C9-42E7-43AD-A38F-A5CD5FEDDBAA}.Debug|Any CPU.ActiveCfg = Debug|Any CPU
		{4603B3C9-42E7-43AD-A38F-A5CD5FEDDBAA}.Debug|Any CPU.Build.0 = Debug|Any CPU
		{4603B3C9-42E7-43AD-A38F-A5CD5FEDDBAA}.Release|Any CPU.ActiveCfg = Release|Any CPU
		{4603B3C9-42E7-43AD-A38F-A5CD5FEDDBAA}.Release|Any CPU.Build.0 = Release|Any CPU
		{E3FDA4C0-0AAE-492C-AE4C-8262F6DE4056}.Debug|Any CPU.ActiveCfg = Debug|Any CPU
		{E3FDA4C0-0AAE-492C-AE4C-8262F6DE4056}.Debug|Any CPU.Build.0 = Debug|Any CPU
		{E3FDA4C0-0AAE-492C-AE4C-8262F6DE4056}.Release|Any CPU.ActiveCfg = Release|Any CPU
		{E3FDA4C0-0AAE-492C-AE4C-8262F6DE4056}.Release|Any CPU.Build.0 = Release|Any CPU
	EndGlobalSection
	GlobalSection(SolutionProperties) = preSolution
		HideSolutionNode = FALSE
	EndGlobalSection
	GlobalSection(NestedProjects) = preSolution
		{D8068D18-DF4A-43E9-8639-61BE0AB4B25C} = {5A8D25B2-F66F-466E-B2FC-82CF54CF9BBC}
		{D39A5119-C900-4BF5-8987-C34447FDB588} = {5A8D25B2-F66F-466E-B2FC-82CF54CF9BBC}
		{85045BBC-0BA0-4F2F-8214-2D054802815C} = {5A8D25B2-F66F-466E-B2FC-82CF54CF9BBC}
		{9FC37266-2DE3-45B2-8963-1CD21C7C5995} = {5A8D25B2-F66F-466E-B2FC-82CF54CF9BBC}
		{89BD5880-63EA-495F-8B45-D97A76A525DD} = {5A8D25B2-F66F-466E-B2FC-82CF54CF9BBC}
		{E5AB9789-5949-47F2-B7F5-69EEF44ADA84} = {DB6F7412-9484-4C88-9274-7BF89ECAE5E5}
		{A4F6C202-9F73-4F1C-92F1-B4620FD3D0B9} = {7B395E97-191B-4927-8398-E00BC41427E4}
		{D9FB27BD-5246-4A93-B55C-BF67311AE793} = {7B395E97-191B-4927-8398-E00BC41427E4}
		{D64C2850-0F55-47CA-9EBF-8C75CD614513} = {7B395E97-191B-4927-8398-E00BC41427E4}
		{B0771304-ABFA-4059-B8D8-493FE0A44A2F} = {7B395E97-191B-4927-8398-E00BC41427E4}
		{4603B3C9-42E7-43AD-A38F-A5CD5FEDDBAA} = {7B395E97-191B-4927-8398-E00BC41427E4}
		{E3FDA4C0-0AAE-492C-AE4C-8262F6DE4056} = {AD32B2DD-3B70-4058-937E-813D4247E707}
	EndGlobalSection
	GlobalSection(ExtensibilityGlobals) = postSolution
		SolutionGuid = {298DE454-7EFF-4B74-A6EA-023CA235DB19}
	EndGlobalSection
EndGlobal
